
Microsoft Visual Studio Solution File, Format Version 12.00
# Visual Studio Version 17
VisualStudioVersion = 17.7.34018.315
MinimumVisualStudioVersion = 10.0.40219.1
Project("{8BC9CEB8-8B4A-11D0-8D11-00A0C91BC942}") = "CS132-P7-UsingSTL", "CS132-P7-UsingSTL\CS132-P7-UsingSTL.vcxproj", "{640F559B-35DF-439E-B799-A3784B9920F9}"
EndProject
Global
	GlobalSection(SolutionConfigurationPlatforms) = preSolution
		Debug|x64 = Debug|x64
		Debug|x86 = Debug|x86
		Release|x64 = Release|x64
		Release|x86 = Release|x86
	EndGlobalSection
	GlobalSection(ProjectConfigurationPlatforms) = postSolution
		{640F559B-35DF-439E-B799-A3784B9920F9}.Debug|x64.ActiveCfg = Debug|x64
		{640F559B-35DF-439E-B799-A3784B9920F9}.Debug|x64.Build.0 = Debug|x64
		{640F559B-35DF-439E-B799-A3784B9920F9}.Debug|x86.ActiveCfg = Debug|Win32
		{640F559B-35DF-439E-B799-A3784B9920F9}.Debug|x86.Build.0 = Debug|Win32
		{640F559B-35DF-439E-B799-A3784B9920F9}.Release|x64.ActiveCfg = Release|x64
		{640F559B-35DF-439E-B799-A3784B9920F9}.Release|x64.Build.0 = Release|x64
		{640F559B-35DF-439E-B799-A3784B9920F9}.Release|x86.ActiveCfg = Release|Win32
		{640F559B-35DF-439E-B799-A3784B9920F9}.Release|x86.Build.0 = Release|Win32
	EndGlobalSection
	GlobalSection(SolutionProperties) = preSolution
		HideSolutionNode = FALSE
	EndGlobalSection
	GlobalSection(ExtensibilityGlobals) = postSolution
		SolutionGuid = {29DAF220-AF14-4D06-965B-DE286D3EF40F}
	EndGlobalSection
EndGlobal
